
Microsoft Visual Studio Solution File, Format Version 12.00
Project("{FAE04EC0-301F-11D3-BF4B-00C04F79EFBC}") = "LambdaInterpreter", "LambdaInterpreter\LambdaInterpreter.csproj", "{EB098D51-FA43-46A5-A1EE-2C304BAD52C8}"
EndProject
Global
	GlobalSection(SolutionConfigurationPlatforms) = preSolution
		Debug|Any CPU = Debug|Any CPU
		Release|Any CPU = Release|Any CPU
	EndGlobalSection
	GlobalSection(ProjectConfigurationPlatforms) = postSolution
		{EB098D51-FA43-46A5-A1EE-2C304BAD52C8}.Debug|Any CPU.ActiveCfg = Debug|Any CPU
		{EB098D51-FA43-46A5-A1EE-2C304BAD52C8}.Debug|Any CPU.Build.0 = Debug|Any CPU
		{EB098D51-FA43-46A5-A1EE-2C304BAD52C8}.Release|Any CPU.ActiveCfg = Release|Any CPU
		{EB098D51-FA43-46A5-A1EE-2C304BAD52C8}.Release|Any CPU.Build.0 = Release|Any CPU
	EndGlobalSection
EndGlobal
